<Solution>
  <Folder Name="/Client/">
    <Project Path="Client/Enigma.Client.csproj" />
  </Folder>
  <Folder Name="/Server/">
    <Project Path="Server/Enigma.Server.csproj" />
  </Folder>
  <Folder Name="/Shared/">
    <Project Path="Shared/Enigma.Shared.csproj" />
  </Folder>
  <Folder Name="/Tests/">
    <Project Path="Tests/Enigma.Test.csproj" />
  </Folder>
</Solution>